
Microsoft Visual Studio Solution File, Format Version 12.00
# Visual Studio 15
VisualStudioVersion = 15.0.26430.6
MinimumVisualStudioVersion = 10.0.40219.1
Project("{FAE04EC0-301F-11D3-BF4B-00C04F79EFBC}") = "SharpGED client", "SharpGED client\SharpGED client.csproj", "{FE4423B8-9244-4185-BB85-F841D36837C3}"
EndProject
Project("{FAE04EC0-301F-11D3-BF4B-00C04F79EFBC}") = "SharpGED server", "SharpGED server\SharpGED server.csproj", "{E59F4914-7D7C-4E15-8533-EB81C1ED3A5D}"
EndProject
Project("{54435603-DBB4-11D2-8724-00A0C9A8B90C}") = "SharpGED client Setup", "SharpGED client Setup\SharpGED client Setup.vdproj", "{040D8B41-8CAE-4F7D-A5D7-0944B94F218B}"
EndProject
Project("{54435603-DBB4-11D2-8724-00A0C9A8B90C}") = "SharpGED server Setup", "SharpGED server Setup\SharpGED server Setup.vdproj", "{D38F3DB7-FCD5-4BE6-8843-86FEE5F34DF0}"
EndProject
Project("{FAE04EC0-301F-11D3-BF4B-00C04F79EFBC}") = "SharpGED controls", "SharpGED controls\SharpGED controls.csproj", "{AFDEB845-0174-4560-ABBB-78E7FB7AB6FE}"
EndProject
Project("{9A19103F-16F7-4668-BE54-9A1E7A4F7556}") = "SharpGED server core", "SharpGED server core\SharpGED server core.csproj", "{A641DAB4-A2F2-4442-B80F-AC13C467B94D}"
EndProject
Project("{FAE04EC0-301F-11D3-BF4B-00C04F79EFBC}") = "SharpGED lib", "SharpGED lib\SharpGED lib.csproj", "{948AAD10-1015-445F-A749-5F1BA1EABE85}"
EndProject
Global
	GlobalSection(SolutionConfigurationPlatforms) = preSolution
		Debug|Any CPU = Debug|Any CPU
		Debug|x64 = Debug|x64
		Release|Any CPU = Release|Any CPU
		Release|x64 = Release|x64
	EndGlobalSection
	GlobalSection(ProjectConfigurationPlatforms) = postSolution
		{FE4423B8-9244-4185-BB85-F841D36837C3}.Debug|Any CPU.ActiveCfg = Debug|x64
		{FE4423B8-9244-4185-BB85-F841D36837C3}.Debug|Any CPU.Build.0 = Debug|x64
		{FE4423B8-9244-4185-BB85-F841D36837C3}.Debug|x64.ActiveCfg = Debug|x64
		{FE4423B8-9244-4185-BB85-F841D36837C3}.Debug|x64.Build.0 = Debug|x64
		{FE4423B8-9244-4185-BB85-F841D36837C3}.Debug|x64.Deploy.0 = Debug|x64
		{FE4423B8-9244-4185-BB85-F841D36837C3}.Release|Any CPU.ActiveCfg = Release|x64
		{FE4423B8-9244-4185-BB85-F841D36837C3}.Release|x64.ActiveCfg = Release|x64
		{FE4423B8-9244-4185-BB85-F841D36837C3}.Release|x64.Build.0 = Release|x64
		{E59F4914-7D7C-4E15-8533-EB81C1ED3A5D}.Debug|Any CPU.ActiveCfg = Debug|x64
		{E59F4914-7D7C-4E15-8533-EB81C1ED3A5D}.Debug|Any CPU.Build.0 = Debug|x64
		{E59F4914-7D7C-4E15-8533-EB81C1ED3A5D}.Debug|x64.ActiveCfg = Debug|x64
		{E59F4914-7D7C-4E15-8533-EB81C1ED3A5D}.Debug|x64.Build.0 = Debug|x64
		{E59F4914-7D7C-4E15-8533-EB81C1ED3A5D}.Release|Any CPU.ActiveCfg = Release|x64
		{E59F4914-7D7C-4E15-8533-EB81C1ED3A5D}.Release|x64.ActiveCfg = Release|x64
		{E59F4914-7D7C-4E15-8533-EB81C1ED3A5D}.Release|x64.Build.0 = Release|x64
		{040D8B41-8CAE-4F7D-A5D7-0944B94F218B}.Debug|Any CPU.ActiveCfg = Debug
		{040D8B41-8CAE-4F7D-A5D7-0944B94F218B}.Debug|x64.ActiveCfg = Debug
		{040D8B41-8CAE-4F7D-A5D7-0944B94F218B}.Release|Any CPU.ActiveCfg = Release
		{040D8B41-8CAE-4F7D-A5D7-0944B94F218B}.Release|Any CPU.Build.0 = Release
		{040D8B41-8CAE-4F7D-A5D7-0944B94F218B}.Release|x64.ActiveCfg = Release
		{D38F3DB7-FCD5-4BE6-8843-86FEE5F34DF0}.Debug|Any CPU.ActiveCfg = Debug
		{D38F3DB7-FCD5-4BE6-8843-86FEE5F34DF0}.Debug|x64.ActiveCfg = Debug
		{D38F3DB7-FCD5-4BE6-8843-86FEE5F34DF0}.Release|Any CPU.ActiveCfg = Release
		{D38F3DB7-FCD5-4BE6-8843-86FEE5F34DF0}.Release|Any CPU.Build.0 = Release
		{D38F3DB7-FCD5-4BE6-8843-86FEE5F34DF0}.Release|x64.ActiveCfg = Release
		{AFDEB845-0174-4560-ABBB-78E7FB7AB6FE}.Debug|Any CPU.ActiveCfg = Debug|Any CPU
		{AFDEB845-0174-4560-ABBB-78E7FB7AB6FE}.Debug|Any CPU.Build.0 = Debug|Any CPU
		{AFDEB845-0174-4560-ABBB-78E7FB7AB6FE}.Debug|x64.ActiveCfg = Debug|Any CPU
		{AFDEB845-0174-4560-ABBB-78E7FB7AB6FE}.Debug|x64.Build.0 = Debug|Any CPU
		{AFDEB845-0174-4560-ABBB-78E7FB7AB6FE}.Release|Any CPU.ActiveCfg = Release|Any CPU
		{AFDEB845-0174-4560-ABBB-78E7FB7AB6FE}.Release|Any CPU.Build.0 = Release|Any CPU
		{AFDEB845-0174-4560-ABBB-78E7FB7AB6FE}.Release|x64.ActiveCfg = Release|Any CPU
		{AFDEB845-0174-4560-ABBB-78E7FB7AB6FE}.Release|x64.Build.0 = Release|Any CPU
		{A641DAB4-A2F2-4442-B80F-AC13C467B94D}.Debug|Any CPU.ActiveCfg = Debug|Any CPU
		{A641DAB4-A2F2-4442-B80F-AC13C467B94D}.Debug|Any CPU.Build.0 = Debug|Any CPU
		{A641DAB4-A2F2-4442-B80F-AC13C467B94D}.Debug|x64.ActiveCfg = Debug|Any CPU
		{A641DAB4-A2F2-4442-B80F-AC13C467B94D}.Debug|x64.Build.0 = Debug|Any CPU
		{A641DAB4-A2F2-4442-B80F-AC13C467B94D}.Release|Any CPU.ActiveCfg = Release|Any CPU
		{A641DAB4-A2F2-4442-B80F-AC13C467B94D}.Release|Any CPU.Build.0 = Release|Any CPU
		{A641DAB4-A2F2-4442-B80F-AC13C467B94D}.Release|x64.ActiveCfg = Release|Any CPU
		{A641DAB4-A2F2-4442-B80F-AC13C467B94D}.Release|x64.Build.0 = Release|Any CPU
		{948AAD10-1015-445F-A749-5F1BA1EABE85}.Debug|Any CPU.ActiveCfg = Debug|Any CPU
		{948AAD10-1015-445F-A749-5F1BA1EABE85}.Debug|Any CPU.Build.0 = Debug|Any CPU
		{948AAD10-1015-445F-A749-5F1BA1EABE85}.Debug|x64.ActiveCfg = Debug|Any CPU
		{948AAD10-1015-445F-A749-5F1BA1EABE85}.Debug|x64.Build.0 = Debug|Any CPU
		{948AAD10-1015-445F-A749-5F1BA1EABE85}.Release|Any CPU.ActiveCfg = Release|Any CPU
		{948AAD10-1015-445F-A749-5F1BA1EABE85}.Release|Any CPU.Build.0 = Release|Any CPU
		{948AAD10-1015-445F-A749-5F1BA1EABE85}.Release|x64.ActiveCfg = Release|Any CPU
		{948AAD10-1015-445F-A749-5F1BA1EABE85}.Release|x64.Build.0 = Release|Any CPU
	EndGlobalSection
	GlobalSection(SolutionProperties) = preSolution
		HideSolutionNode = FALSE
	EndGlobalSection
	GlobalSection(ExtensibilityGlobals) = postSolution
		SolutionGuid = {568F095F-256E-47BA-9AE9-A88176C8CE29}
	EndGlobalSection
EndGlobal
